{
  "meteor": {
    "git": "https://github.com/meteor/meteor.git",
    "branch": "master",
    "commit": "5d736d4bf0448c7db1f9b47124dfafc34a9631bb"
  },
  "dependencies": {
    "basePackages": {
      "sparklines": {
        "path": "packages/sparklines"
      },
      "githubReadme": {},
      "proxino": {},
      "pageguide": {},
      "bootboxjs": {}
    },
    "packages": {
      "sparklines": {
        "path": "packages/sparklines"
      },
      "githubReadme": {
        "git": "https://github.com/austinrivas/meteor-githubReadme.git",
        "tag": "v1.2.6",
        "commit": "1ffa7c67747b1632e9b6e5e95032861979be13f1"
      },
      "proxino": {
        "git": "https://github.com/austinrivas/meteor-proxino.git",
        "tag": "v1.0.3",
        "commit": "8b4d72ef0107594f31555517cb99057e2ceedc15"
      },
      "pageguide": {
        "git": "https://github.com/austinrivas/meteor-pageguide.git",
        "tag": "v1.0.4",
        "commit": "facb7763fad868a1ae5a6fdb172964510b3e7066"
      },
      "bootboxjs": {
        "git": "https://github.com/TimHeckel/meteor-bootboxjs.git",
        "tag": "v0.1.1",
        "commit": "6c46c71a5632eb49b20cd679a5008b7dc9ac39af"
      }
    }
  }
}
